# THIS IS AN AUTOGENERATED FILE. DO NOT EDIT THIS FILE DIRECTLY.
# yarn lockfile v1


"@babel/runtime@^7.13.10":
  version "7.23.9"
  resolved "https://registry.yarnpkg.com/@babel/runtime/-/runtime-7.23.9.tgz#47791a15e4603bb5f905bc0753801cf21d6345f7"
  integrity sha512-0CX6F+BI2s9dkUqr08KFrAIZgNFj75rdBU/DjCyYLIaV/quFjkk6T+EJ2LkZHyZTbEV4L5p97mNkUsHl2wLFAw==
  dependencies:
    regenerator-runtime "^0.14.0"

"@radix-ui/react-compose-refs@1.0.1":
  version "1.0.1"
  resolved "https://registry.yarnpkg.com/@radix-ui/react-compose-refs/-/react-compose-refs-1.0.1.tgz#7ed868b66946aa6030e580b1ffca386dd4d21989"
  integrity sha512-fDSBgd44FKHa1FRMU59qBMPFcl2PZE+2nmqunj+BWFyYYjnhIDWL2ItDs3rrbJDQOtzt5nIebLCQc4QRfz6LJw==
  dependencies:
    "@babel/runtime" "^7.13.10"

"@radix-ui/react-slot@^1.0.2":
  version "1.0.2"
  resolved "https://registry.yarnpkg.com/@radix-ui/react-slot/-/react-slot-1.0.2.tgz#a9ff4423eade67f501ffb32ec22064bc9d3099ab"
  integrity sha512-YeTpuq4deV+6DusvVUW4ivBgnkHwECUu0BiN43L5UCDFgdhsRUWAghhTF5MbvNTPzmiFOx90asDSUjWuCNapwg==
  dependencies:
    "@babel/runtime" "^7.13.10"
    "@radix-ui/react-compose-refs" "1.0.1"

"@udecode/plate-common@30.1.2":
  version "30.1.2"
  resolved "https://registry.yarnpkg.com/@udecode/plate-common/-/plate-common-30.1.2.tgz#d5ae6395a677b496df58b05f645cd97ff951da9e"
  integrity sha512-3O100g2s0TNIRWIS8dvwTtXXwY8CdAHOrYfsG/PfuBJ3ZMW+2GAGH8gxjlDoL/AJ5W9amS95NiwkRjsHClwX/A==
  dependencies:
    "@udecode/plate-core" "30.1.2"
    "@udecode/plate-utils" "30.1.2"
    "@udecode/react-utils" "29.0.1"
    "@udecode/slate" "25.0.0"
    "@udecode/slate-react" "29.0.1"
    "@udecode/slate-utils" "25.0.0"
    "@udecode/utils" "24.3.0"

"@udecode/plate-core@30.1.2":
  version "30.1.2"
  resolved "https://registry.yarnpkg.com/@udecode/plate-core/-/plate-core-30.1.2.tgz#b6257ad8b6f47df979899c1c894f8c728c806252"
  integrity sha512-AaYP9HwyloGVJ/J0b4QE4Wmxq0T7wexGAC4tb1zN0nO2EV/QGndLH1EgfhsGrsvFsxyGUwPzWg04sHCDbONfzw==
  dependencies:
    "@udecode/slate" "25.0.0"
    "@udecode/slate-react" "29.0.1"
    "@udecode/slate-utils" "25.0.0"
    "@udecode/utils" "24.3.0"
    clsx "^1.2.1"
    is-hotkey "^0.2.0"
    jotai "^2.6.0"
    jotai-optics "0.3.1"
    jotai-x "^1.2.1"
    lodash "^4.17.21"
    nanoid "^3.3.6"
    optics-ts "2.4.1"
    react-hotkeys-hook "^4.4.1"
    use-deep-compare "^1.1.0"
    zustand "^4.4.7"
    zustand-x "^3.0.1"

"@udecode/plate-utils@30.1.2":
  version "30.1.2"
  resolved "https://registry.yarnpkg.com/@udecode/plate-utils/-/plate-utils-30.1.2.tgz#d3a388e7d275f8511489f06609e6d33b6484195e"
  integrity sha512-Zd9PlkkJAM6tDANeoNsCDFFz70RbpMEDNukHSTTkINeZ+cygqxouM6SHh4UiKPqC6/f0IIu63Tj1RlukD8m50w==
  dependencies:
    "@udecode/plate-core" "30.1.2"
    "@udecode/react-utils" "29.0.1"
    "@udecode/slate" "25.0.0"
    "@udecode/slate-react" "29.0.1"
    "@udecode/slate-utils" "25.0.0"
    "@udecode/utils" "24.3.0"
    clsx "^1.2.1"
    lodash "^4.17.21"

"@udecode/react-utils@29.0.1":
  version "29.0.1"
  resolved "https://registry.yarnpkg.com/@udecode/react-utils/-/react-utils-29.0.1.tgz#b310f91b927fa3ce466af305b58fd88db3768f77"
  integrity sha512-+bFJFTDsWArFaC4AZFap0VdCvEbu5ZA16avj4xjjdBBho4TiHOZ7RMDliwTUetA3DOm5LG02dmZ1U4ORNC0m3w==
  dependencies:
    "@radix-ui/react-slot" "^1.0.2"
    "@udecode/utils" "24.3.0"
    clsx "^1.2.1"

"@udecode/slate-react@29.0.1":
  version "29.0.1"
  resolved "https://registry.yarnpkg.com/@udecode/slate-react/-/slate-react-29.0.1.tgz#3141cb59ddcff123970cb1dbd03edfffc85aa034"
  integrity sha512-DOiGXxfL43tVyNg0LneTQGQBW/HkF2srwIM8b0Al/x082HHfo2PP2WkFqPqTh1uGUAa2RBRh9xFKmNkKeuyWSw==
  dependencies:
    "@udecode/react-utils" "29.0.1"
    "@udecode/slate" "25.0.0"
    "@udecode/utils" "24.3.0"

"@udecode/slate-utils@25.0.0":
  version "25.0.0"
  resolved "https://registry.yarnpkg.com/@udecode/slate-utils/-/slate-utils-25.0.0.tgz#6ae957f666da65bfae85d4ede2416bd5521d8f1c"
  integrity sha512-H8dECl5Tu44Nt946rkSXCJ1yzsc2R9GXSoA9oNIBmcyNo3jTHZOyG/Ocn3RGgfzAK996A43GBD/keNabJEPtQg==
  dependencies:
    "@udecode/slate" "25.0.0"
    "@udecode/utils" "24.3.0"
    lodash "^4.17.21"

"@udecode/slate@25.0.0":
  version "25.0.0"
  resolved "https://registry.yarnpkg.com/@udecode/slate/-/slate-25.0.0.tgz#11d339ff73ebba55eeb1d87ab4befda28130f9a2"
  integrity sha512-mGb9nMDwIygLqERwJ8kTOfo3wIxMQ0xLJEPKn09jrshEIxUCyO3mYj8y/5vOMcrzj6yexOsgQ6VNX8ylS3lnIQ==
  dependencies:
    "@udecode/utils" "24.3.0"

"@udecode/utils@24.3.0":
  version "24.3.0"
  resolved "https://registry.yarnpkg.com/@udecode/utils/-/utils-24.3.0.tgz#28123f519aa4e0162319c6c66c8ff5c1e191be9e"
  integrity sha512-/Y2lh/Ih1wx4zN35Ky2Z1G1/5f7cSAS7F6dkhrcbJUnDF0srTidoEIRabK+og/yIK/MCEFfOsQGetoV7Ert5hg==

clsx@^1.2.1:
  version "1.2.1"
  resolved "https://registry.yarnpkg.com/clsx/-/clsx-1.2.1.tgz#0ddc4a20a549b59c93a4116bb26f5294ca17dc12"
  integrity sha512-EcR6r5a8bj6pu3ycsa/E/cKVGuTgZJZdsyUYHOksG/UHIiKfjxzRxYJpyVBwYaQeOvghal9fcc4PidlgzugAQg==

dequal@2.0.3:
  version "2.0.3"
  resolved "https://registry.yarnpkg.com/dequal/-/dequal-2.0.3.tgz#2644214f1997d39ed0ee0ece72335490a7ac67be"
  integrity sha512-0je+qPKHEMohvfRTCEo3CrPG6cAzAYgmzKyxRiYSSDkS6eGJdyVJm7WaYA5ECaAD9wLB2T4EEeymA5aFVcYXCA==

immer@^10.0.3:
  version "10.0.3"
  resolved "https://registry.yarnpkg.com/immer/-/immer-10.0.3.tgz#a8de42065e964aa3edf6afc282dfc7f7f34ae3c9"
  integrity sha512-pwupu3eWfouuaowscykeckFmVTpqbzW+rXFCX8rQLkZzM9ftBmU/++Ra+o+L27mz03zJTlyV4UUr+fdKNffo4A==

is-hotkey@^0.2.0:
  version "0.2.0"
  resolved "https://registry.yarnpkg.com/is-hotkey/-/is-hotkey-0.2.0.tgz#1835a68171a91e5c9460869d96336947c8340cef"
  integrity sha512-UknnZK4RakDmTgz4PI1wIph5yxSs/mvChWs9ifnlXsKuXgWmOkY/hAE0H/k2MIqH0RlRye0i1oC07MCRSD28Mw==

jotai-optics@0.3.1:
  version "0.3.1"
  resolved "https://registry.yarnpkg.com/jotai-optics/-/jotai-optics-0.3.1.tgz#7ff38470551429460cc41d9cd1320193665354e0"
  integrity sha512-KibUx9IneM2hGWGIYGs/v0KCxU985lg7W2c6dt5RodJCB2XPbmok8rkkLmdVk9+fKsn2shkPMi+AG8XzHgB3+w==

jotai-x@^1.2.1:
  version "1.2.2"
  resolved "https://registry.yarnpkg.com/jotai-x/-/jotai-x-1.2.2.tgz#91ce0c52af6a30aaceeaad48641405997efc9d36"
  integrity sha512-HaFl3O4aKdBdeTyuzzcvnBWvicXkxl0DBINsqasqWrL7mZov4AAuXUSAsAY817UDwMe1+k77uBazUCFlaiyU3A==

jotai@^2.6.0:
  version "2.6.5"
  resolved "https://registry.yarnpkg.com/jotai/-/jotai-2.6.5.tgz#9b41b7f2b63c05c1a9009a9023f2aa5baf9adb94"
  integrity sha512-T+yvY42GXKomvJYqs+NeTH0da9Z1tQ3Qk3zppPHIWnvmOBKpN6Qd4j8h/oo9dwxs3w/Z5r6Kk0I8h6z5orQ/HQ==

lodash.mapvalues@^4.6.0:
  version "4.6.0"
  resolved "https://registry.yarnpkg.com/lodash.mapvalues/-/lodash.mapvalues-4.6.0.tgz#1bafa5005de9dd6f4f26668c30ca37230cc9689c"
  integrity sha512-JPFqXFeZQ7BfS00H58kClY7SPVeHertPE0lNuCyZ26/XlN8TvakYD7b9bGyNmXbT/D3BbtPAAmq90gPWqLkxlQ==

lodash@^4.17.21:
  version "4.17.21"
  resolved "https://registry.yarnpkg.com/lodash/-/lodash-4.17.21.tgz#679591c564c3bffaae8454cf0b3df370c3d6911c"
  integrity sha512-v2kDEe57lecTulaDIuNTPy3Ry4gLGJ6Z1O3vE1krgXZNrsQ+LFTGHVxVjcXPs17LhbZVGedAJv8XZ1tvj5FvSg==

nanoid@^3.3.6:
  version "3.3.7"
  resolved "https://registry.yarnpkg.com/nanoid/-/nanoid-3.3.7.tgz#d0c301a691bc8d54efa0a2226ccf3fe2fd656bd8"
  integrity sha512-eSRppjcPIatRIMC1U6UngP8XFcz8MQWGQdt1MTBQ7NaAmvXDfvNxbvWV3x2y6CdEUciCSsDHDQZbhYaB8QEo2g==

optics-ts@2.4.1:
  version "2.4.1"
  resolved "https://registry.yarnpkg.com/optics-ts/-/optics-ts-2.4.1.tgz#de94bda2b0ed7fde5b7631283031b9699459d40d"
  integrity sha512-HaYzMHvC80r7U/LqAd4hQyopDezC60PO2qF5GuIwALut2cl5rK1VWHsqTp0oqoJJWjiv6uXKqsO+Q2OO0C3MmQ==

performance-now@^2.1.0:
  version "2.1.0"
  resolved "https://registry.yarnpkg.com/performance-now/-/performance-now-2.1.0.tgz#6309f4e0e5fa913ec1c69307ae364b4b377c9e7b"
  integrity sha512-7EAHlyLHI56VEIdK57uwHdHKIaAGbnXPiw0yWbarQZOKaKpvUIgW0jWRVLiatnM+XXlSwsanIBH/hzGMJulMow==

proxy-compare@2.4.0:
  version "2.4.0"
  resolved "https://registry.yarnpkg.com/proxy-compare/-/proxy-compare-2.4.0.tgz#90f6abffe734ef86d8e37428c5026268606a9c1b"
  integrity sha512-FD8KmQUQD6Mfpd0hywCOzcon/dbkFP8XBd9F1ycbKtvVsfv6TsFUKJ2eC0Iz2y+KzlkdT1Z8SY6ZSgm07zOyqg==

raf@^3.4.1:
  version "3.4.1"
  resolved "https://registry.yarnpkg.com/raf/-/raf-3.4.1.tgz#0742e99a4a6552f445d73e3ee0328af0ff1ede39"
  integrity sha512-Sq4CW4QhwOHE8ucn6J34MqtZCeWFP2aQSmrlroYgqAV1PjStIhJXxYuTgUIfkEk7zTLjmIjLmU5q+fbD1NnOJA==
  dependencies:
    performance-now "^2.1.0"

react-hotkeys-hook@^4.4.1:
  version "4.5.0"
  resolved "https://registry.yarnpkg.com/react-hotkeys-hook/-/react-hotkeys-hook-4.5.0.tgz#807b389b15256daf6a813a1ec09e6698064fe97f"
  integrity sha512-Samb85GSgAWFQNvVt3PS90LPPGSf9mkH/r4au81ZP1yOIFayLC3QAvqTgGtJ8YEDMXtPmaVBs6NgipHO6h4Mug==

react-tracked@^1.7.11:
  version "1.7.11"
  resolved "https://registry.yarnpkg.com/react-tracked/-/react-tracked-1.7.11.tgz#b2adccf1d8ee3941e8dc68f754513bdb7b235db4"
  integrity sha512-+XXv4dJH7NnLtSD/cPVL9omra4A3KRK91L33owevXZ81r7qF/a9DdCsVZa90jMGht/V1Ym9sasbmidsJykhULQ==
  dependencies:
    proxy-compare "2.4.0"
    use-context-selector "1.4.1"

regenerator-runtime@^0.14.0:
  version "0.14.1"
  resolved "https://registry.yarnpkg.com/regenerator-runtime/-/regenerator-runtime-0.14.1.tgz#356ade10263f685dda125100cd862c1db895327f"
  integrity sha512-dYnhHh0nJoMfnkZs6GmmhFknAGRrLznOu5nc9ML+EJxGvrx6H7teuevqVqCuPcPK//3eDrrjQhehXVx9cnkGdw==

use-context-selector@1.4.1:
  version "1.4.1"
  resolved "https://registry.yarnpkg.com/use-context-selector/-/use-context-selector-1.4.1.tgz#eb96279965846b72915d7f899b8e6ef1d768b0ae"
  integrity sha512-Io2ArvcRO+6MWIhkdfMFt+WKQX+Vb++W8DS2l03z/Vw/rz3BclKpM0ynr4LYGyU85Eke+Yx5oIhTY++QR0ZDoA==

use-deep-compare@^1.1.0:
  version "1.2.1"
  resolved "https://registry.yarnpkg.com/use-deep-compare/-/use-deep-compare-1.2.1.tgz#076c9865868d98509e619206e27bc8eff0b8ed7c"
  integrity sha512-JTnOZAr0fq1ix6CQ4XANoWIh03xAiMFlP/lVAYDdAOZwur6nqBSdATn1/Q9PLIGIW+C7xmFZBCcaA4KLDcQJtg==
  dependencies:
    dequal "2.0.3"

use-sync-external-store@1.2.0:
  version "1.2.0"
  resolved "https://registry.yarnpkg.com/use-sync-external-store/-/use-sync-external-store-1.2.0.tgz#7dbefd6ef3fe4e767a0cf5d7287aacfb5846928a"
  integrity sha512-eEgnFxGQ1Ife9bzYs6VLi8/4X6CObHMw9Qr9tPY43iKwsPw8xE8+EFsf/2cFZ5S3esXgpWgtSCtLNS41F+sKPA==

zustand-x@^3.0.1:
  version "3.0.2"
  resolved "https://registry.yarnpkg.com/zustand-x/-/zustand-x-3.0.2.tgz#e967894009b45e66326e7967c9006f757380cc21"
  integrity sha512-tb4qMWbmgrWEdemb+LlrJiHI1ZMxwlQNz7jDHN5iA/vmU8xlpAX80MQZ2FNLP2KejBFEnsA1RWRAO/0D5O0rPw==
  dependencies:
    immer "^10.0.3"
    lodash.mapvalues "^4.6.0"
    react-tracked "^1.7.11"

zustand@^4.4.7:
  version "4.5.1"
  resolved "https://registry.yarnpkg.com/zustand/-/zustand-4.5.1.tgz#2088956ee454759fb8b866ca335a2373e76736c5"
  integrity sha512-XlauQmH64xXSC1qGYNv00ODaQ3B+tNPoy22jv2diYiP4eoDKr9LA+Bh5Bc3gplTrFdb6JVI+N4kc1DZ/tbtfPg==
  dependencies:
    use-sync-external-store "1.2.0"
